# This file is autogenerated, do not edit; changes may be undone by the next 'dep ensure'.


[[projects]]
  branch = "master"
  digest = "1:9cbd1855a1d2c16333f4cbc056d27bdb73ba82684743b0d4db69b90ec9e88ee0"
  name = "github.com/bitrise-io/go-utils"
  packages = [
    "colorstring",
    "log",
  ]
  pruneopts = ""
  revision = "00429d8e1e87cf5437fee9ff987173ab3a33c4bc"

[solve-meta]
  analyzer-name = "dep"
  analyzer-version = 1
  input-imports = ["github.com/bitrise-io/go-utils/log"]
  solver-name = "gps-cdcl"
  solver-version = 1
